
Microsoft Visual Studio Solution File, Format Version 12.00
# Visual Studio Version 17
VisualStudioVersion = 17.14.36623.8
MinimumVisualStudioVersion = 10.0.40219.1
Project("{FAE04EC0-301F-11D3-BF4B-00C04F79EFBC}") = "QuanLyBanHang.Data", "QuanLyBanHang.Data\QuanLyBanHang.Data.csproj", "{1D9DEA53-A78C-4FA0-B13B-82D8672E925D}"
EndProject
Project("{FAE04EC0-301F-11D3-BF4B-00C04F79EFBC}") = "QuanLyBanHang.Services", "QuanLyBanHang.Services\QuanLyBanHang.Services.csproj", "{63647496-C398-418C-B9A2-F43AF81749D8}"
EndProject
Project("{FAE04EC0-301F-11D3-BF4B-00C04F79EFBC}") = "QuanLyBanHang.WinApp", "QuanLyBanHang.WinApp\QuanLyBanHang.WinApp.csproj", "{480D9BA8-B8AF-4977-A4CB-F8A5251F0308}"
EndProject
Global
	GlobalSection(SolutionConfigurationPlatforms) = preSolution
		Debug|Any CPU = Debug|Any CPU
		Release|Any CPU = Release|Any CPU
	EndGlobalSection
	GlobalSection(ProjectConfigurationPlatforms) = postSolution
		{1D9DEA53-A78C-4FA0-B13B-82D8672E925D}.Debug|Any CPU.ActiveCfg = Debug|Any CPU
		{1D9DEA53-A78C-4FA0-B13B-82D8672E925D}.Debug|Any CPU.Build.0 = Debug|Any CPU
		{1D9DEA53-A78C-4FA0-B13B-82D8672E925D}.Release|Any CPU.ActiveCfg = Release|Any CPU
		{1D9DEA53-A78C-4FA0-B13B-82D8672E925D}.Release|Any CPU.Build.0 = Release|Any CPU
		{63647496-C398-418C-B9A2-F43AF81749D8}.Debug|Any CPU.ActiveCfg = Debug|Any CPU
		{63647496-C398-418C-B9A2-F43AF81749D8}.Debug|Any CPU.Build.0 = Debug|Any CPU
		{63647496-C398-418C-B9A2-F43AF81749D8}.Release|Any CPU.ActiveCfg = Release|Any CPU
		{63647496-C398-418C-B9A2-F43AF81749D8}.Release|Any CPU.Build.0 = Release|Any CPU
		{480D9BA8-B8AF-4977-A4CB-F8A5251F0308}.Debug|Any CPU.ActiveCfg = Debug|Any CPU
		{480D9BA8-B8AF-4977-A4CB-F8A5251F0308}.Debug|Any CPU.Build.0 = Debug|Any CPU
		{480D9BA8-B8AF-4977-A4CB-F8A5251F0308}.Release|Any CPU.ActiveCfg = Release|Any CPU
		{480D9BA8-B8AF-4977-A4CB-F8A5251F0308}.Release|Any CPU.Build.0 = Release|Any CPU
	EndGlobalSection
	GlobalSection(SolutionProperties) = preSolution
		HideSolutionNode = FALSE
	EndGlobalSection
	GlobalSection(ExtensibilityGlobals) = postSolution
		SolutionGuid = {F3378096-BDFF-4303-9EA0-D4CCBEA7E59C}
	EndGlobalSection
EndGlobal
